// !$*UTF8*$!
{
	archiveVersion = 1;
	classes = {
	};
	objectVersion = 56;
	objects = {

/* Begin PBXBuildFile section */
		1A2B3C4D5E6F7890 /* ClassMateAIApp.swift in Sources */ = {isa = PBXBuildFile; fileRef = 1A2B3C4D5E6F7891 /* ClassMateAIApp.swift */; };
		1A2B3C4D5E6F7892 /* ContentView.swift in Sources */ = {isa = PBXBuildFile; fileRef = 1A2B3C4D5E6F7893 /* ContentView.swift */; };
		1A2B3C4D5E6F7894 /* Assets.xcassets in Resources */ = {isa = PBXBuildFile; fileRef = 1A2B3C4D5E6F7895 /* Assets.xcassets */; };
		1A2B3C4D5E6F7896 /* Preview Assets.xcassets in Resources */ = {isa = PBXBuildFile; fileRef = 1A2B3C4D5E6F7897 /* Preview Assets.xcassets */; };
		1A2B3C4D5E6F7898 /* RecordingView.swift in Sources */ = {isa = PBXBuildFile; fileRef = 1A2B3C4D5E6F7899 /* RecordingView.swift */; };
		1A2B3C4D5E6F789A /* AudioRecorder.swift in Sources */ = {isa = PBXBuildFile; fileRef = 1A2B3C4D5E6F789B /* AudioRecorder.swift */; };
		1A2B3C4D5E6F789C /* DataManager.swift in Sources */ = {isa = PBXBuildFile; fileRef = 1A2B3C4D5E6F789D /* DataManager.swift */; };
		1A2B3C4D5E6F789E /* Models.swift in Sources */ = {isa = PBXBuildFile; fileRef = 1A2B3C4D5E6F789F /* Models.swift */; };
		1A2B3C4D5E6F78A0 /* SubjectView.swift in Sources */ = {isa = PBXBuildFile; fileRef = 1A2B3C4D5E6F78A1 /* SubjectView.swift */; };
		1A2B3C4D5E6F78A2 /* AddSubjectView.swift in Sources */ = {isa = PBXBuildFile; fileRef = 1A2B3C4D5E6F78A3 /* AddSubjectView.swift */; };
		1A2B3C4D5E6F78A4 /* LectureView.swift in Sources */ = {isa = PBXBuildFile; fileRef = 1A2B3C4D5E6F78A5 /* LectureView.swift */; };
		1A2B3C4D5E6F78A6 /* AudioPlayer.swift in Sources */ = {isa = PBXBuildFile; fileRef = 1A2B3C4D5E6F78A7 /* AudioPlayer.swift */; };
		1A2B3C4D5E6F78A8 /* SaveRecordingView.swift in Sources */ = {isa = PBXBuildFile; fileRef = 1A2B3C4D5E6F78A9 /* SaveRecordingView.swift */; };
		1A2B3C4D5E6F78AA /* ImportAudioView.swift in Sources */ = {isa = PBXBuildFile; fileRef = 1A2B3C4D5E6F78AB /* ImportAudioView.swift */; };
		1A2B3C4D5E6F78AC /* SpeechRecognizer.swift in Sources */ = {isa = PBXBuildFile; fileRef = 1A2B3C4D5E6F78AD /* SpeechRecognizer.swift */; };
		1A2B3C4D5E6F78AE /* OutlineGenerator.swift in Sources */ = {isa = PBXBuildFile; fileRef = 1A2B3C4D5E6F78AF /* OutlineGenerator.swift */; };
		1A2B3C4D5E6F78B0 /* AIService.swift in Sources */ = {isa = PBXBuildFile; fileRef = 1A2B3C4D5E6F78B1 /* AIService.swift */; };
		1A2B3C4D5E6F78B2 /* AIQuestionView.swift in Sources */ = {isa = PBXBuildFile; fileRef = 1A2B3C4D5E6F78B3 /* AIQuestionView.swift */; };
		1A2B3C4D5E6F78B4 /* ImportantInfoView.swift in Sources */ = {isa = PBXBuildFile; fileRef = 1A2B3C4D5E6F78B5 /* ImportantInfoView.swift */; };
		1A2B3C4D5E6F78B6 /* CustomTriggersView.swift in Sources */ = {isa = PBXBuildFile; fileRef = 1A2B3C4D5E6F78B7 /* CustomTriggersView.swift */; };
		1A2B3C4D5E6F78B8 /* LectureRow.swift in Sources */ = {isa = PBXBuildFile; fileRef = 1A2B3C4D5E6F78B9 /* LectureRow.swift */; };
		1A2B3C4D5E6F78BA /* SubjectRow.swift in Sources */ = {isa = PBXBuildFile; fileRef = 1A2B3C4D5E6F78BB /* SubjectRow.swift */; };
		1A2B3C4D5E6F78BC /* ColorScheme.swift in Sources */ = {isa = PBXBuildFile; fileRef = 1A2B3C4D5E6F78BD /* ColorScheme.swift */; };
		1A2B3C4D5E6F78BE /* Config.swift in Sources */ = {isa = PBXBuildFile; fileRef = 1A2B3C4D5E6F78BF /* Config.swift */; };
/* End PBXBuildFile section */

/* Begin PBXFileReference section */
		1A2B3C4D5E6F7890 /* ClassMateAI.app */ = {isa = PBXFileReference; explicitFileType = wrapper.application; includeInIndex = 0; path = ClassMateAI.app; sourceTree = BUILT_PRODUCTS_DIR; };
		1A2B3C4D5E6F7891 /* ClassMateAIApp.swift */ = {isa = PBXFileReference; lastKnownFileType = sourcecode.swift; path = ClassMateAIApp.swift; sourceTree = "<group>"; };
		1A2B3C4D5E6F7893 /* ContentView.swift */ = {isa = PBXFileReference; lastKnownFileType = sourcecode.swift; path = ContentView.swift; sourceTree = "<group>"; };
		1A2B3C4D5E6F7895 /* Assets.xcassets */ = {isa = PBXFileReference; lastKnownFileType = folder.assetcatalog; path = Assets.xcassets; sourceTree = "<group>"; };
		1A2B3C4D5E6F7897 /* Preview Assets.xcassets */ = {isa = PBXFileReference; lastKnownFileType = folder.assetcatalog; path = "Preview Assets.xcassets"; sourceTree = "<group>"; };
		1A2B3C4D5E6F7899 /* RecordingView.swift */ = {isa = PBXFileReference; lastKnownFileType = sourcecode.swift; path = RecordingView.swift; sourceTree = "<group>"; };
		1A2B3C4D5E6F789B /* AudioRecorder.swift */ = {isa = PBXFileReference; lastKnownFileType = sourcecode.swift; path = AudioRecorder.swift; sourceTree = "<group>"; };
		1A2B3C4D5E6F789D /* DataManager.swift */ = {isa = PBXFileReference; lastKnownFileType = sourcecode.swift; path = DataManager.swift; sourceTree = "<group>"; };
		1A2B3C4D5E6F789F /* Models.swift */ = {isa = PBXFileReference; lastKnownFileType = sourcecode.swift; path = Models.swift; sourceTree = "<group>"; };
		1A2B3C4D5E6F78A1 /* SubjectView.swift */ = {isa = PBXFileReference; lastKnownFileType = sourcecode.swift; path = SubjectView.swift; sourceTree = "<group>"; };
		1A2B3C4D5E6F78A3 /* AddSubjectView.swift */ = {isa = PBXFileReference; lastKnownFileType = sourcecode.swift; path = AddSubjectView.swift; sourceTree = "<group>"; };
		1A2B3C4D5E6F78A5 /* LectureView.swift */ = {isa = PBXFileReference; lastKnownFileType = sourcecode.swift; path = LectureView.swift; sourceTree = "<group>"; };
		1A2B3C4D5E6F78A7 /* AudioPlayer.swift */ = {isa = PBXFileReference; lastKnownFileType = sourcecode.swift; path = AudioPlayer.swift; sourceTree = "<group>"; };
		1A2B3C4D5E6F78A9 /* SaveRecordingView.swift */ = {isa = PBXFileReference; lastKnownFileType = sourcecode.swift; path = SaveRecordingView.swift; sourceTree = "<group>"; };
		1A2B3C4D5E6F78AB /* ImportAudioView.swift */ = {isa = PBXFileReference; lastKnownFileType = sourcecode.swift; path = ImportAudioView.swift; sourceTree = "<group>"; };
		1A2B3C4D5E6F78AD /* SpeechRecognizer.swift */ = {isa = PBXFileReference; lastKnownFileType = sourcecode.swift; path = SpeechRecognizer.swift; sourceTree = "<group>"; };
		1A2B3C4D5E6F78AF /* OutlineGenerator.swift */ = {isa = PBXFileReference; lastKnownFileType = sourcecode.swift; path = OutlineGenerator.swift; sourceTree = "<group>"; };
		1A2B3C4D5E6F78B1 /* AIService.swift */ = {isa = PBXFileReference; lastKnownFileType = sourcecode.swift; path = AIService.swift; sourceTree = "<group>"; };
		1A2B3C4D5E6F78B3 /* AIQuestionView.swift */ = {isa = PBXFileReference; lastKnownFileType = sourcecode.swift; path = AIQuestionView.swift; sourceTree = "<group>"; };
		1A2B3C4D5E6F78B5 /* ImportantInfoView.swift */ = {isa = PBXFileReference; lastKnownFileType = sourcecode.swift; path = ImportantInfoView.swift; sourceTree = "<group>"; };
		1A2B3C4D5E6F78B7 /* CustomTriggersView.swift */ = {isa = PBXFileReference; lastKnownFileType = sourcecode.swift; path = CustomTriggersView.swift; sourceTree = "<group>"; };
		1A2B3C4D5E6F78B9 /* LectureRow.swift */ = {isa = PBXFileReference; lastKnownFileType = sourcecode.swift; path = LectureRow.swift; sourceTree = "<group>"; };
		1A2B3C4D5E6F78BB /* SubjectRow.swift */ = {isa = PBXFileReference; lastKnownFileType = sourcecode.swift; path = SubjectRow.swift; sourceTree = "<group>"; };
		1A2B3C4D5E6F78BD /* ColorScheme.swift */ = {isa = PBXFileReference; lastKnownFileType = sourcecode.swift; path = ColorScheme.swift; sourceTree = "<group>"; };
		1A2B3C4D5E6F78BF /* Config.swift */ = {isa = PBXFileReference; lastKnownFileType = sourcecode.swift; path = Config.swift; sourceTree = "<group>"; };
		1A2B3C4D5E6F78C0 /* Info.plist */ = {isa = PBXFileReference; lastKnownFileType = text.plist.xml; path = Info.plist; sourceTree = "<group>"; };
/* End PBXFileReference section */

/* Begin PBXFrameworksBuildPhase section */
		1A2B3C4D5E6F788D /* Frameworks */ = {
			isa = PBXFrameworksBuildPhase;
			buildActionMask = 2147483647;
			files = (
			);
			runOnlyForDeploymentPostprocessing = 0;
		};
/* End PBXFrameworksBuildPhase section */

/* Begin PBXGroup section */
		1A2B3C4D5E6F7887 = {
			isa = PBXGroup;
			children = (
				1A2B3C4D5E6F7892 /* ClassMateAI */,
				1A2B3C4D5E6F7891 /* Products */,
			);
			sourceTree = "<group>";
		};
		1A2B3C4D5E6F7891 /* Products */ = {
			isa = PBXGroup;
			children = (
				1A2B3C4D5E6F7890 /* ClassMateAI.app */,
			);
			name = Products;
			sourceTree = "<group>";
		};
		1A2B3C4D5E6F7892 /* ClassMateAI */ = {
			isa = PBXGroup;
			children = (
				1A2B3C4D5E6F7891 /* ClassMateAIApp.swift */,
				1A2B3C4D5E6F7893 /* ContentView.swift */,
				1A2B3C4D5E6F7899 /* RecordingView.swift */,
				1A2B3C4D5E6F789B /* AudioRecorder.swift */,
				1A2B3C4D5E6F789D /* DataManager.swift */,
				1A2B3C4D5E6F789F /* Models.swift */,
				1A2B3C4D5E6F78A1 /* SubjectView.swift */,
				1A2B3C4D5E6F78A3 /* AddSubjectView.swift */,
				1A2B3C4D5E6F78A5 /* LectureView.swift */,
				1A2B3C4D5E6F78A7 /* AudioPlayer.swift */,
				1A2B3C4D5E6F78A9 /* SaveRecordingView.swift */,
				1A2B3C4D5E6F78AB /* ImportAudioView.swift */,
				1A2B3C4D5E6F78AD /* SpeechRecognizer.swift */,
				1A2B3C4D5E6F78AF /* OutlineGenerator.swift */,
				1A2B3C4D5E6F78B1 /* AIService.swift */,
				1A2B3C4D5E6F78B3 /* AIQuestionView.swift */,
				1A2B3C4D5E6F78B5 /* ImportantInfoView.swift */,
				1A2B3C4D5E6F78B7 /* CustomTriggersView.swift */,
				1A2B3C4D5E6F78B9 /* LectureRow.swift */,
				1A2B3C4D5E6F78BB /* SubjectRow.swift */,
				1A2B3C4D5E6F78BD /* ColorScheme.swift */,
				1A2B3C4D5E6F78BF /* Config.swift */,
				1A2B3C4D5E6F78C0 /* Info.plist */,
				1A2B3C4D5E6F7895 /* Assets.xcassets */,
				1A2B3C4D5E6F7896 /* Preview Content */,
			);
			path = ClassMateAI;
			sourceTree = "<group>";
		};
		1A2B3C4D5E6F7896 /* Preview Content */ = {
			isa = PBXGroup;
			children = (
				1A2B3C4D5E6F7897 /* Preview Assets.xcassets */,
			);
			path = "Preview Content";
			sourceTree = "<group>";
		};
/* End PBXGroup section */

/* Begin PBXNativeTarget section */
		1A2B3C4D5E6F788F /* ClassMateAI */ = {
			isa = PBXNativeTarget;
			buildConfigurationList = 1A2B3C4D5E6F78C3 /* Build configuration list for PBXNativeTarget "ClassMateAI" */;
			buildPhases = (
				1A2B3C4D5E6F788C /* Sources */,
				1A2B3C4D5E6F788D /* Frameworks */,
				1A2B3C4D5E6F788E /* Resources */,
			);
			buildRules = (
			);
			dependencies = (
			);
			name = ClassMateAI;
			productName = ClassMateAI;
			productReference = 1A2B3C4D5E6F7890 /* ClassMateAI.app */;
			productType = "com.apple.product-type.application";
		};
/* End PBXNativeTarget section */

/* Begin PBXProject section */
		1A2B3C4D5E6F7888 /* Project object */ = {
			isa = PBXProject;
			attributes = {
				BuildIndependentTargetsInParallel = 1;
				LastSwiftUpdateCheck = 1500;
				LastUpgradeCheck = 1500;
				TargetAttributes = {
					1A2B3C4D5E6F788F = {
						CreatedOnToolsVersion = 15.0;
					};
				};
			};
			buildConfigurationList = 1A2B3C4D5E6F788B /* Build configuration list for PBXProject "ClassMateAI" */;
			compatibilityVersion = "Xcode 14.0";
			developmentRegion = en;
			hasScannedForEncodings = 0;
			knownRegions = (
				en,
				Base,
			);
			mainGroup = 1A2B3C4D5E6F7887;
			productRefGroup = 1A2B3C4D5E6F7891 /* Products */;
			projectDirPath = "";
			projectRoot = "";
			targets = (
				1A2B3C4D5E6F788F /* ClassMateAI */,
			);
		};
/* End PBXProject section */

/* Begin PBXResourcesBuildPhase section */
		1A2B3C4D5E6F788E /* Resources */ = {
			isa = PBXResourcesBuildPhase;
			buildActionMask = 2147483647;
			files = (
				1A2B3C4D5E6F7896 /* Preview Assets.xcassets in Resources */,
				1A2B3C4D5E6F7894 /* Assets.xcassets in Resources */,
			);
			runOnlyForDeploymentPostprocessing = 0;
		};
/* End PBXResourcesBuildPhase section */

/* Begin PBXSourcesBuildPhase section */
		1A2B3C4D5E6F788C /* Sources */ = {
			isa = PBXSourcesBuildPhase;
			buildActionMask = 2147483647;
			files = (
				1A2B3C4D5E6F7892 /* ContentView.swift in Sources */,
				1A2B3C4D5E6F7898 /* RecordingView.swift in Sources */,
				1A2B3C4D5E6F789A /* AudioRecorder.swift in Sources */,
				1A2B3C4D5E6F789C /* DataManager.swift in Sources */,
				1A2B3C4D5E6F789E /* Models.swift in Sources */,
				1A2B3C4D5E6F78A0 /* SubjectView.swift in Sources */,
				1A2B3C4D5E6F78A2 /* AddSubjectView.swift in Sources */,
				1A2B3C4D5E6F78A4 /* LectureView.swift in Sources */,
				1A2B3C4D5E6F78A6 /* AudioPlayer.swift in Sources */,
				1A2B3C4D5E6F78A8 /* SaveRecordingView.swift in Sources */,
				1A2B3C4D5E6F78AA /* ImportAudioView.swift in Sources */,
				1A2B3C4D5E6F78AC /* SpeechRecognizer.swift in Sources */,
				1A2B3C4D5E6F78AE /* OutlineGenerator.swift in Sources */,
				1A2B3C4D5E6F78B0 /* AIService.swift in Sources */,
				1A2B3C4D5E6F78B2 /* AIQuestionView.swift in Sources */,
				1A2B3C4D5E6F78B4 /* ImportantInfoView.swift in Sources */,
				1A2B3C4D5E6F78B6 /* CustomTriggersView.swift in Sources */,
				1A2B3C4D5E6F78B8 /* LectureRow.swift in Sources */,
				1A2B3C4D5E6F78BA /* SubjectRow.swift in Sources */,
				1A2B3C4D5E6F78BC /* ColorScheme.swift in Sources */,
				1A2B3C4D5E6F78BE /* Config.swift in Sources */,
				1A2B3C4D5E6F7890 /* ClassMateAIApp.swift in Sources */,
			);
			runOnlyForDeploymentPostprocessing = 0;
		};
/* End PBXSourcesBuildPhase section */

/* Begin XCBuildConfiguration section */
		1A2B3C4D5E6F78C1 /* Debug */ = {
			isa = XCBuildConfiguration;
			buildSettings = {
				ALWAYS_SEARCH_USER_PATHS = NO;
				ASSETCATALOG_COMPILER_GENERATE_SWIFT_ASSET_SYMBOL_EXTENSIONS = YES;
				CLANG_ANALYZER_NONNULL = YES;
				CLANG_ANALYZER_NUMBER_OBJECT_CONVERSION = YES_AGGRESSIVE;
				CLANG_CXX_LANGUAGE_STANDARD = "gnu++20";
				CLANG_ENABLE_MODULES = YES;
				CLANG_ENABLE_OBJC_ARC = YES;
				CLANG_ENABLE_OBJC_WEAK = YES;
				CLANG_WARN_BLOCK_CAPTURE_AUTORELEASING = YES;
				CLANG_WARN_BOOL_CONVERSION = YES;
				CLANG_WARN_COMMA = YES;
				CLANG_WARN_CONSTANT_CONVERSION = YES;
				CLANG_WARN_DEPRECATED_OBJC_IMPLEMENTATIONS = YES;
				CLANG_WARN_DIRECT_OBJC_ISA_USAGE = YES_ERROR;
				CLANG_WARN_DOCUMENTATION_COMMENTS = YES;
				CLANG_WARN_EMPTY_BODY = YES;
				CLANG_WARN_ENUM_CONVERSION = YES;
				CLANG_WARN_INFINITE_RECURSION = YES;
				CLANG_WARN_INT_CONVERSION = YES;
				CLANG_WARN_NON_LITERAL_NULL_CONVERSION = YES;
				CLANG_WARN_OBJC_IMPLICIT_RETAIN_SELF = YES;
				CLANG_WARN_OBJC_LITERAL_CONVERSION = YES;
				CLANG_WARN_OBJC_ROOT_CLASS = YES_ERROR;
				CLANG_WARN_QUOTED_INCLUDE_IN_FRAMEWORK_HEADER = YES;
				CLANG_WARN_RANGE_LOOP_ANALYSIS = YES;
				CLANG_WARN_STRICT_PROTOTYPES = YES;
				CLANG_WARN_SUSPICIOUS_MOVE = YES;
				CLANG_WARN_UNGUARDED_AVAILABILITY = YES_AGGRESSIVE;
				CLANG_WARN_UNREACHABLE_CODE = YES;
				CLANG_WARN__DUPLICATE_METHOD_MATCH = YES;
				COPY_PHASE_STRIP = NO;
				DEBUG_INFORMATION_FORMAT = dwarf;
				ENABLE_STRICT_OBJC_MSGSEND = YES;
				ENABLE_TESTABILITY = YES;
				ENABLE_USER_SCRIPT_SANDBOXING = YES;
				GCC_C_LANGUAGE_STANDARD = gnu17;
				GCC_DYNAMIC_NO_PIC = NO;
				GCC_NO_COMMON_BLOCKS = YES;
				GCC_OPTIMIZATION_LEVEL = 0;
				GCC_PREPROCESSOR_DEFINITIONS = (
					"DEBUG=1",
					"$(inherited)",
				);
				GCC_WARN_64_TO_32_BIT_CONVERSION = YES;
				GCC_WARN_ABOUT_RETURN_TYPE = YES_ERROR;
				GCC_WARN_UNDECLARED_SELECTOR = YES;
				GCC_WARN_UNINITIALIZED_AUTOS = YES_AGGRESSIVE;
				GCC_WARN_UNUSED_FUNCTION = YES;
				GCC_WARN_UNUSED_VARIABLE = YES;
				IPHONEOS_DEPLOYMENT_TARGET = 17.0;
				LOCALIZATION_PREFERS_STRING_CATALOGS = YES;
				MTL_ENABLE_DEBUG_INFO = INCLUDE_SOURCE;
				MTL_FAST_MATH = YES;
				ONLY_ACTIVE_ARCH = YES;
				SDKROOT = iphoneos;
				SWIFT_ACTIVE_COMPILATION_CONDITIONS = "DEBUG $(inherited)";
				SWIFT_OPTIMIZATION_LEVEL = "-Onone";
			};
			name = Debug;
		};
		1A2B3C4D5E6F78C2 /* Release */ = {
			isa = XCBuildConfiguration;
			buildSettings = {
				ALWAYS_SEARCH_USER_PATHS = NO;
				ASSETCATALOG_COMPILER_GENERATE_SWIFT_ASSET_SYMBOL_EXTENSIONS = YES;
				CLANG_ANALYZER_NONNULL = YES;
				CLANG_ANALYZER_NUMBER_OBJECT_CONVERSION = YES_AGGRESSIVE;
				CLANG_CXX_LANGUAGE_STANDARD = "gnu++20";
				CLANG_ENABLE_MODULES = YES;
				CLANG_ENABLE_OBJC_ARC = YES;
				CLANG_ENABLE_OBJC_WEAK = YES;
				CLANG_WARN_BLOCK_CAPTURE_AUTORELEASING = YES;
				CLANG_WARN_BOOL_CONVERSION = YES;
				CLANG_WARN_COMMA = YES;
				CLANG_WARN_CONSTANT_CONVERSION = YES;
				CLANG_WARN_DEPRECATED_OBJC_IMPLEMENTATIONS = YES;
				CLANG_WARN_DIRECT_OBJC_ISA_USAGE = YES_ERROR;
				CLANG_WARN_DOCUMENTATION_COMMENTS = YES;
				CLANG_WARN_EMPTY_BODY = YES;
				CLANG_WARN_ENUM_CONVERSION = YES;
				CLANG_WARN_INFINITE_RECURSION = YES;
				CLANG_WARN_INT_CONVERSION = YES;
				CLANG_WARN_NON_LITERAL_NULL_CONVERSION = YES;
				CLANG_WARN_OBJC_IMPLICIT_RETAIN_SELF = YES;
				CLANG_WARN_OBJC_LITERAL_CONVERSION = YES;
				CLANG_WARN_OBJC_ROOT_CLASS = YES_ERROR;
				CLANG_WARN_QUOTED_INCLUDE_IN_FRAMEWORK_HEADER = YES;
				CLANG_WARN_RANGE_LOOP_ANALYSIS = YES;
				CLANG_WARN_STRICT_PROTOTYPES = YES;
				CLANG_WARN_SUSPICIOUS_MOVE = YES;
				CLANG_WARN_UNGUARDED_AVAILABILITY = YES_AGGRESSIVE;
				CLANG_WARN_UNREACHABLE_CODE = YES;
				CLANG_WARN__DUPLICATE_METHOD_MATCH = YES;
				COPY_PHASE_STRIP = NO;
				DEBUG_INFORMATION_FORMAT = "dwarf-with-dsym";
				ENABLE_NS_ASSERTIONS = NO;
				ENABLE_STRICT_OBJC_MSGSEND = YES;
				ENABLE_USER_SCRIPT_SANDBOXING = YES;
				GCC_C_LANGUAGE_STANDARD = gnu17;
				GCC_NO_COMMON_BLOCKS = YES;
				GCC_WARN_64_TO_32_BIT_CONVERSION = YES;
				GCC_WARN_ABOUT_RETURN_TYPE = YES_ERROR;
				GCC_WARN_UNDECLARED_SELECTOR = YES;
				GCC_WARN_UNINITIALIZED_AUTOS = YES_AGGRESSIVE;
				GCC_WARN_UNUSED_FUNCTION = YES;
				GCC_WARN_UNUSED_VARIABLE = YES;
				IPHONEOS_DEPLOYMENT_TARGET = 17.0;
				LOCALIZATION_PREFERS_STRING_CATALOGS = YES;
				MTL_ENABLE_DEBUG_INFO = NO;
				MTL_FAST_MATH = YES;
				SDKROOT = iphoneos;
				SWIFT_COMPILATION_MODE = wholemodule;
				VALIDATE_PRODUCT = YES;
			};
			name = Release;
		};
		1A2B3C4D5E6F78C4 /* Debug */ = {
			isa = XCBuildConfiguration;
			buildSettings = {
				ASSETCATALOG_COMPILER_APPICON_NAME = AppIcon;
				ASSETCATALOG_COMPILER_GLOBAL_ACCENT_COLOR_NAME = AccentColor;
				CODE_SIGN_STYLE = Automatic;
				CURRENT_PROJECT_VERSION = 1;
				DEVELOPMENT_ASSET_PATHS = "\"ClassMateAI/Preview Content\"";
				ENABLE_PREVIEWS = YES;
				GENERATE_INFOPLIST_FILE = YES;
				INFOPLIST_FILE = ClassMateAI/Info.plist;
				INFOPLIST_KEY_NSMicrophoneUsageDescription = "This app needs access to the microphone to record lectures.";
				INFOPLIST_KEY_NSSpeechRecognitionUsageDescription = "This app uses speech recognition to transcribe your recorded lectures.";
				INFOPLIST_KEY_UIApplicationSceneManifest_Generation = YES;
				INFOPLIST_KEY_UIApplicationSupportsIndirectInputEvents = YES;
				INFOPLIST_KEY_UILaunchScreen_Generation = YES;
				INFOPLIST_KEY_UISupportedInterfaceOrientations_iPad = "UIInterfaceOrientationPortrait UIInterfaceOrientationPortraitUpsideDown UIInterfaceOrientationLandscapeLeft UIInterfaceOrientationLandscapeRight";
				INFOPLIST_KEY_UISupportedInterfaceOrientations_iPhone = "UIInterfaceOrientationPortrait UIInterfaceOrientationLandscapeLeft UIInterfaceOrientationLandscapeRight";
				LD_RUNPATH_SEARCH_PATHS = (
					"$(inherited)",
					"@executable_path/Frameworks",
				);
				MARKETING_VERSION = 1.0;
				PRODUCT_BUNDLE_IDENTIFIER = com.yourcompany.ClassMateAI;
				PRODUCT_NAME = "$(TARGET_NAME)";
				SWIFT_EMIT_LOC_STRINGS = YES;
				SWIFT_VERSION = 5.0;
				TARGETED_DEVICE_FAMILY = "1,2";
			};
			name = Debug;
		};
		1A2B3C4D5E6F78C5 /* Release */ = {
			isa = XCBuildConfiguration;
			buildSettings = {
				ASSETCATALOG_COMPILER_APPICON_NAME = AppIcon;
				ASSETCATALOG_COMPILER_GLOBAL_ACCENT_COLOR_NAME = AccentColor;
				CODE_SIGN_STYLE = Automatic;
				CURRENT_PROJECT_VERSION = 1;
				DEVELOPMENT_ASSET_PATHS = "\"ClassMateAI/Preview Content\"";
				ENABLE_PREVIEWS = YES;
				GENERATE_INFOPLIST_FILE = YES;
				INFOPLIST_FILE = ClassMateAI/Info.plist;
				INFOPLIST_KEY_NSMicrophoneUsageDescription = "This app needs access to the microphone to record lectures.";
				INFOPLIST_KEY_NSSpeechRecognitionUsageDescription = "This app uses speech recognition to transcribe your recorded lectures.";
				INFOPLIST_KEY_UIApplicationSceneManifest_Generation = YES;
				INFOPLIST_KEY_UIApplicationSupportsIndirectInputEvents = YES;
				INFOPLIST_KEY_UILaunchScreen_Generation = YES;
				INFOPLIST_KEY_UISupportedInterfaceOrientations_iPad = "UIInterfaceOrientationPortrait UIInterfaceOrientationPortraitUpsideDown UIInterfaceOrientationLandscapeLeft UIInterfaceOrientationLandscapeRight";
				INFOPLIST_KEY_UISupportedInterfaceOrientations_iPhone = "UIInterfaceOrientationPortrait UIInterfaceOrientationLandscapeLeft UIInterfaceOrientationLandscapeRight";
				LD_RUNPATH_SEARCH_PATHS = (
					"$(inherited)",
					"@executable_path/Frameworks",
				);
				MARKETING_VERSION = 1.0;
				PRODUCT_BUNDLE_IDENTIFIER = com.yourcompany.ClassMateAI;
				PRODUCT_NAME = "$(TARGET_NAME)";
				SWIFT_EMIT_LOC_STRINGS = YES;
				SWIFT_VERSION = 5.0;
				TARGETED_DEVICE_FAMILY = "1,2";
			};
			name = Release;
		};
/* End XCBuildConfiguration section */

/* Begin XCConfigurationList section */
		1A2B3C4D5E6F788B /* Build configuration list for PBXProject "ClassMateAI" */ = {
			isa = XCConfigurationList;
			buildConfigurations = (
				1A2B3C4D5E6F78C1 /* Debug */,
				1A2B3C4D5E6F78C2 /* Release */,
			);
			defaultConfigurationIsVisible = 0;
			defaultConfigurationName = Release;
		};
		1A2B3C4D5E6F78C3 /* Build configuration list for PBXNativeTarget "ClassMateAI" */ = {
			isa = XCConfigurationList;
			buildConfigurations = (
				1A2B3C4D5E6F78C4 /* Debug */,
				1A2B3C4D5E6F78C5 /* Release */,
			);
			defaultConfigurationIsVisible = 0;
			defaultConfigurationName = Release;
		};
/* End XCConfigurationList section */
	};
	rootObject = 1A2B3C4D5E6F7888 /* Project object */;
} 